
Microsoft Visual Studio Solution File, Format Version 12.00
# Visual Studio Version 16
VisualStudioVersion = 16.0.32901.82
MinimumVisualStudioVersion = 10.0.40219.1
Project("{FAE04EC0-301F-11D3-BF4B-00C04F79EFBC}") = "TwoListbox", "TwoListbox.csproj", "{1ECB3C30-AB4E-43B9-B1CA-29D392093455}"
EndProject
Global
	GlobalSection(SolutionConfigurationPlatforms) = preSolution
		Debug|Any CPU = Debug|Any CPU
		Release|Any CPU = Release|Any CPU
	EndGlobalSection
	GlobalSection(ProjectConfigurationPlatforms) = postSolution
		{1ECB3C30-AB4E-43B9-B1CA-29D392093455}.Debug|Any CPU.ActiveCfg = Debug|Any CPU
		{1ECB3C30-AB4E-43B9-B1CA-29D392093455}.Debug|Any CPU.Build.0 = Debug|Any CPU
		{1ECB3C30-AB4E-43B9-B1CA-29D392093455}.Release|Any CPU.ActiveCfg = Release|Any CPU
		{1ECB3C30-AB4E-43B9-B1CA-29D392093455}.Release|Any CPU.Build.0 = Release|Any CPU
	EndGlobalSection
	GlobalSection(SolutionProperties) = preSolution
		HideSolutionNode = FALSE
	EndGlobalSection
	GlobalSection(ExtensibilityGlobals) = postSolution
		SolutionGuid = {853BF827-772D-4A44-A32D-3C20485710BE}
	EndGlobalSection
EndGlobal
